
Microsoft Visual Studio Solution File, Format Version 12.00
# Visual Studio Version 17
VisualStudioVersion = 17.11.35312.102
MinimumVisualStudioVersion = 10.0.40219.1
Project("{9A19103F-16F7-4668-BE54-9A1E7A4F7556}") = "Main.Api", "Main.Api\Main.Api.csproj", "{AEA48F24-31D3-477C-B67C-EB37C3E5DB15}"
EndProject
Project("{9A19103F-16F7-4668-BE54-9A1E7A4F7556}") = "Main.Domain", "Main.Domain\Main.Domain.csproj", "{6D7472FC-3D7C-430F-8709-7C89203B8131}"
EndProject
Project("{9A19103F-16F7-4668-BE54-9A1E7A4F7556}") = "Main.DAL", "Main.DAL\Main.DAL.csproj", "{9E2CEFF1-360A-4180-B079-5321AF37F8EE}"
EndProject
Project("{2150E333-8FDC-42A3-9474-1A3956D46DE8}") = "Main", "Main", "{CA0D421C-25E0-46D3-9E44-7C2CB3194508}"
EndProject
Project("{2150E333-8FDC-42A3-9474-1A3956D46DE8}") = "Log", "Log", "{AA639AA1-0F7F-4772-B0C8-69D3E6076D63}"
EndProject
Project("{2150E333-8FDC-42A3-9474-1A3956D46DE8}") = "Shared", "Shared", "{4ACA2184-2A24-4F7B-9524-CE560F3D7093}"
EndProject
Project("{9A19103F-16F7-4668-BE54-9A1E7A4F7556}") = "App.Shared", "App.Shared\App.Shared.csproj", "{F62AC7BC-927F-4A4C-8AA6-58480D7E6EE4}"
EndProject
Project("{9A19103F-16F7-4668-BE54-9A1E7A4F7556}") = "Main.BL", "Main.BL\Main.BL.csproj", "{71350CAE-EACB-421E-BE2A-37768853E2E0}"
EndProject
Project("{9A19103F-16F7-4668-BE54-9A1E7A4F7556}") = "Log.Api", "AuditLog.Api\Log.Api.csproj", "{30D6BDAB-E211-462B-9EBF-04FD332AF222}"
EndProject
Project("{9A19103F-16F7-4668-BE54-9A1E7A4F7556}") = "Log.BL", "AuditLog.BL\Log.BL.csproj", "{3A455A65-02C1-474B-9878-FD85FCA362A2}"
EndProject
Project("{9A19103F-16F7-4668-BE54-9A1E7A4F7556}") = "Log.DAL", "AuditLog.DAL\Log.DAL.csproj", "{5F609F70-E1ED-441D-9C51-0ACF4D644406}"
EndProject
Project("{9A19103F-16F7-4668-BE54-9A1E7A4F7556}") = "Log.Domain", "AuditLog.Domain\Log.Domain.csproj", "{E43AE207-3A88-4566-A9EF-ABFA836108B3}"
EndProject
Project("{2150E333-8FDC-42A3-9474-1A3956D46DE8}") = "Identity", "Identity", "{00C5D862-8840-4A91-8444-156EE1536C3A}"
EndProject
Project("{FAE04EC0-301F-11D3-BF4B-00C04F79EFBC}") = "Identity.Web", "Identity.Web\Identity.Web.csproj", "{525E0D9A-FF11-4FFC-953E-479A00966146}"
EndProject
Project("{FAE04EC0-301F-11D3-BF4B-00C04F79EFBC}") = "Identity.DAL", "Identity.DAL\Identity.DAL.csproj", "{9DDB654B-A90F-4615-865A-114AA66ECADA}"
EndProject
Global
	GlobalSection(SolutionConfigurationPlatforms) = preSolution
		Debug|Any CPU = Debug|Any CPU
		Release|Any CPU = Release|Any CPU
	EndGlobalSection
	GlobalSection(ProjectConfigurationPlatforms) = postSolution
		{AEA48F24-31D3-477C-B67C-EB37C3E5DB15}.Debug|Any CPU.ActiveCfg = Debug|Any CPU
		{AEA48F24-31D3-477C-B67C-EB37C3E5DB15}.Debug|Any CPU.Build.0 = Debug|Any CPU
		{AEA48F24-31D3-477C-B67C-EB37C3E5DB15}.Release|Any CPU.ActiveCfg = Release|Any CPU
		{AEA48F24-31D3-477C-B67C-EB37C3E5DB15}.Release|Any CPU.Build.0 = Release|Any CPU
		{6D7472FC-3D7C-430F-8709-7C89203B8131}.Debug|Any CPU.ActiveCfg = Debug|Any CPU
		{6D7472FC-3D7C-430F-8709-7C89203B8131}.Debug|Any CPU.Build.0 = Debug|Any CPU
		{6D7472FC-3D7C-430F-8709-7C89203B8131}.Release|Any CPU.ActiveCfg = Release|Any CPU
		{6D7472FC-3D7C-430F-8709-7C89203B8131}.Release|Any CPU.Build.0 = Release|Any CPU
		{9E2CEFF1-360A-4180-B079-5321AF37F8EE}.Debug|Any CPU.ActiveCfg = Debug|Any CPU
		{9E2CEFF1-360A-4180-B079-5321AF37F8EE}.Debug|Any CPU.Build.0 = Debug|Any CPU
		{9E2CEFF1-360A-4180-B079-5321AF37F8EE}.Release|Any CPU.ActiveCfg = Release|Any CPU
		{9E2CEFF1-360A-4180-B079-5321AF37F8EE}.Release|Any CPU.Build.0 = Release|Any CPU
		{F62AC7BC-927F-4A4C-8AA6-58480D7E6EE4}.Debug|Any CPU.ActiveCfg = Debug|Any CPU
		{F62AC7BC-927F-4A4C-8AA6-58480D7E6EE4}.Debug|Any CPU.Build.0 = Debug|Any CPU
		{F62AC7BC-927F-4A4C-8AA6-58480D7E6EE4}.Release|Any CPU.ActiveCfg = Release|Any CPU
		{F62AC7BC-927F-4A4C-8AA6-58480D7E6EE4}.Release|Any CPU.Build.0 = Release|Any CPU
		{71350CAE-EACB-421E-BE2A-37768853E2E0}.Debug|Any CPU.ActiveCfg = Debug|Any CPU
		{71350CAE-EACB-421E-BE2A-37768853E2E0}.Debug|Any CPU.Build.0 = Debug|Any CPU
		{71350CAE-EACB-421E-BE2A-37768853E2E0}.Release|Any CPU.ActiveCfg = Release|Any CPU
		{71350CAE-EACB-421E-BE2A-37768853E2E0}.Release|Any CPU.Build.0 = Release|Any CPU
		{30D6BDAB-E211-462B-9EBF-04FD332AF222}.Debug|Any CPU.ActiveCfg = Debug|Any CPU
		{30D6BDAB-E211-462B-9EBF-04FD332AF222}.Debug|Any CPU.Build.0 = Debug|Any CPU
		{30D6BDAB-E211-462B-9EBF-04FD332AF222}.Release|Any CPU.ActiveCfg = Release|Any CPU
		{30D6BDAB-E211-462B-9EBF-04FD332AF222}.Release|Any CPU.Build.0 = Release|Any CPU
		{3A455A65-02C1-474B-9878-FD85FCA362A2}.Debug|Any CPU.ActiveCfg = Debug|Any CPU
		{3A455A65-02C1-474B-9878-FD85FCA362A2}.Debug|Any CPU.Build.0 = Debug|Any CPU
		{3A455A65-02C1-474B-9878-FD85FCA362A2}.Release|Any CPU.ActiveCfg = Release|Any CPU
		{3A455A65-02C1-474B-9878-FD85FCA362A2}.Release|Any CPU.Build.0 = Release|Any CPU
		{5F609F70-E1ED-441D-9C51-0ACF4D644406}.Debug|Any CPU.ActiveCfg = Debug|Any CPU
		{5F609F70-E1ED-441D-9C51-0ACF4D644406}.Debug|Any CPU.Build.0 = Debug|Any CPU
		{5F609F70-E1ED-441D-9C51-0ACF4D644406}.Release|Any CPU.ActiveCfg = Release|Any CPU
		{5F609F70-E1ED-441D-9C51-0ACF4D644406}.Release|Any CPU.Build.0 = Release|Any CPU
		{E43AE207-3A88-4566-A9EF-ABFA836108B3}.Debug|Any CPU.ActiveCfg = Debug|Any CPU
		{E43AE207-3A88-4566-A9EF-ABFA836108B3}.Debug|Any CPU.Build.0 = Debug|Any CPU
		{E43AE207-3A88-4566-A9EF-ABFA836108B3}.Release|Any CPU.ActiveCfg = Release|Any CPU
		{E43AE207-3A88-4566-A9EF-ABFA836108B3}.Release|Any CPU.Build.0 = Release|Any CPU
		{525E0D9A-FF11-4FFC-953E-479A00966146}.Debug|Any CPU.ActiveCfg = Debug|Any CPU
		{525E0D9A-FF11-4FFC-953E-479A00966146}.Debug|Any CPU.Build.0 = Debug|Any CPU
		{525E0D9A-FF11-4FFC-953E-479A00966146}.Release|Any CPU.ActiveCfg = Release|Any CPU
		{525E0D9A-FF11-4FFC-953E-479A00966146}.Release|Any CPU.Build.0 = Release|Any CPU
		{9DDB654B-A90F-4615-865A-114AA66ECADA}.Debug|Any CPU.ActiveCfg = Debug|Any CPU
		{9DDB654B-A90F-4615-865A-114AA66ECADA}.Debug|Any CPU.Build.0 = Debug|Any CPU
		{9DDB654B-A90F-4615-865A-114AA66ECADA}.Release|Any CPU.ActiveCfg = Release|Any CPU
		{9DDB654B-A90F-4615-865A-114AA66ECADA}.Release|Any CPU.Build.0 = Release|Any CPU
	EndGlobalSection
	GlobalSection(SolutionProperties) = preSolution
		HideSolutionNode = FALSE
	EndGlobalSection
	GlobalSection(NestedProjects) = preSolution
		{AEA48F24-31D3-477C-B67C-EB37C3E5DB15} = {CA0D421C-25E0-46D3-9E44-7C2CB3194508}
		{6D7472FC-3D7C-430F-8709-7C89203B8131} = {CA0D421C-25E0-46D3-9E44-7C2CB3194508}
		{9E2CEFF1-360A-4180-B079-5321AF37F8EE} = {CA0D421C-25E0-46D3-9E44-7C2CB3194508}
		{F62AC7BC-927F-4A4C-8AA6-58480D7E6EE4} = {4ACA2184-2A24-4F7B-9524-CE560F3D7093}
		{71350CAE-EACB-421E-BE2A-37768853E2E0} = {CA0D421C-25E0-46D3-9E44-7C2CB3194508}
		{30D6BDAB-E211-462B-9EBF-04FD332AF222} = {AA639AA1-0F7F-4772-B0C8-69D3E6076D63}
		{3A455A65-02C1-474B-9878-FD85FCA362A2} = {AA639AA1-0F7F-4772-B0C8-69D3E6076D63}
		{5F609F70-E1ED-441D-9C51-0ACF4D644406} = {AA639AA1-0F7F-4772-B0C8-69D3E6076D63}
		{E43AE207-3A88-4566-A9EF-ABFA836108B3} = {AA639AA1-0F7F-4772-B0C8-69D3E6076D63}
		{525E0D9A-FF11-4FFC-953E-479A00966146} = {00C5D862-8840-4A91-8444-156EE1536C3A}
		{9DDB654B-A90F-4615-865A-114AA66ECADA} = {00C5D862-8840-4A91-8444-156EE1536C3A}
	EndGlobalSection
	GlobalSection(ExtensibilityGlobals) = postSolution
		SolutionGuid = {DF6B053C-FCAE-489D-AAE3-77F42E80DB1D}
	EndGlobalSection
EndGlobal
